// !$*UTF8*$!
{
	archiveVersion = 1;
	classes = {
	};
	objectVersion = 46;
	objects = {

/* Begin PBXBuildFile section */
		E9D763161A419AF80083CDF1 /* main.m in Sources */ = {isa = PBXBuildFile; fileRef = E9D763151A419AF80083CDF1 /* main.m */; };
		E9D763191A419AF80083CDF1 /* AppDelegate.m in Sources */ = {isa = PBXBuildFile; fileRef = E9D763181A419AF80083CDF1 /* AppDelegate.m */; };
		E9D7631C1A419AF80083CDF1 /* ViewController.m in Sources */ = {isa = PBXBuildFile; fileRef = E9D7631B1A419AF80083CDF1 /* ViewController.m */; };
		E9D7631F1A419AF80083CDF1 /* Main.storyboard in Resources */ = {isa = PBXBuildFile; fileRef = E9D7631D1A419AF80083CDF1 /* Main.storyboard */; };
		E9D763211A419AF80083CDF1 /* Images.xcassets in Resources */ = {isa = PBXBuildFile; fileRef = E9D763201A419AF80083CDF1 /* Images.xcassets */; };
		E9D763241A419AF80083CDF1 /* LaunchScreen.xib in Resources */ = {isa = PBXBuildFile; fileRef = E9D763221A419AF80083CDF1 /* LaunchScreen.xib */; };
		E9D763301A419AF80083CDF1 /* FeedtickRemoteTests.m in Sources */ = {isa = PBXBuildFile; fileRef = E9D7632F1A419AF80083CDF1 /* FeedtickRemoteTests.m */; };
/* End PBXBuildFile section */

/* Begin PBXContainerItemProxy section */
		E9D7632A1A419AF80083CDF1 /* PBXContainerItemProxy */ = {
			isa = PBXContainerItemProxy;
			containerPortal = E9D763081A419AF80083CDF1 /* Project object */;
			proxyType = 1;
			remoteGlobalIDString = E9D7630F1A419AF80083CDF1;
			remoteInfo = FeedtickRemote;
		};
/* End PBXContainerItemProxy section */

/* Begin PBXFileReference section */
		E9D763101A419AF80083CDF1 /* FeedtickRemote.app */ = {isa = PBXFileReference; explicitFileType = wrapper.application; includeInIndex = 0; path = FeedtickRemote.app; sourceTree = BUILT_PRODUCTS_DIR; };
		E9D763141A419AF80083CDF1 /* Info.plist */ = {isa = PBXFileReference; lastKnownFileType = text.plist.xml; path = Info.plist; sourceTree = "<group>"; };
		E9D763151A419AF80083CDF1 /* main.m */ = {isa = PBXFileReference; lastKnownFileType = sourcecode.c.objc; path = main.m; sourceTree = "<group>"; };
		E9D763171A419AF80083CDF1 /* AppDelegate.h */ = {isa = PBXFileReference; lastKnownFileType = sourcecode.c.h; path = AppDelegate.h; sourceTree = "<group>"; };
		E9D763181A419AF80083CDF1 /* AppDelegate.m */ = {isa = PBXFileReference; lastKnownFileType = sourcecode.c.objc; path = AppDelegate.m; sourceTree = "<group>"; };
		E9D7631A1A419AF80083CDF1 /* ViewController.h */ = {isa = PBXFileReference; lastKnownFileType = sourcecode.c.h; path = ViewController.h; sourceTree = "<group>"; };
		E9D7631B1A419AF80083CDF1 /* ViewController.m */ = {isa = PBXFileReference; lastKnownFileType = sourcecode.c.objc; path = ViewController.m; sourceTree = "<group>"; };
		E9D7631E1A419AF80083CDF1 /* Base */ = {isa = PBXFileReference; lastKnownFileType = file.storyboard; name = Base; path = Base.lproj/Main.storyboard; sourceTree = "<group>"; };
		E9D763201A419AF80083CDF1 /* Images.xcassets */ = {isa = PBXFileReference; lastKnownFileType = folder.assetcatalog; path = Images.xcassets; sourceTree = "<group>"; };
		E9D763231A419AF80083CDF1 /* Base */ = {isa = PBXFileReference; lastKnownFileType = file.xib; name = Base; path = Base.lproj/LaunchScreen.xib; sourceTree = "<group>"; };
		E9D763291A419AF80083CDF1 /* FeedtickRemoteTests.xctest */ = {isa = PBXFileReference; explicitFileType = wrapper.cfbundle; includeInIndex = 0; path = FeedtickRemoteTests.xctest; sourceTree = BUILT_PRODUCTS_DIR; };
		E9D7632E1A419AF80083CDF1 /* Info.plist */ = {isa = PBXFileReference; lastKnownFileType = text.plist.xml; path = Info.plist; sourceTree = "<group>"; };
		E9D7632F1A419AF80083CDF1 /* FeedtickRemoteTests.m */ = {isa = PBXFileReference; lastKnownFileType = sourcecode.c.objc; path = FeedtickRemoteTests.m; sourceTree = "<group>"; };
/* End PBXFileReference section */

/* Begin PBXFrameworksBuildPhase section */
		E9D7630D1A419AF80083CDF1 /* Frameworks */ = {
			isa = PBXFrameworksBuildPhase;
			buildActionMask = 2147483647;
			files = (
			);
			runOnlyForDeploymentPostprocessing = 0;
		};
		E9D763261A419AF80083CDF1 /* Frameworks */ = {
			isa = PBXFrameworksBuildPhase;
			buildActionMask = 2147483647;
			files = (
			);
			runOnlyForDeploymentPostprocessing = 0;
		};
/* End PBXFrameworksBuildPhase section */

/* Begin PBXGroup section */
		E9D763071A419AF80083CDF1 = {
			isa = PBXGroup;
			children = (
				E9D763121A419AF80083CDF1 /* FeedtickRemote */,
				E9D7632C1A419AF80083CDF1 /* FeedtickRemoteTests */,
				E9D763111A419AF80083CDF1 /* Products */,
			);
			sourceTree = "<group>";
		};
		E9D763111A419AF80083CDF1 /* Products */ = {
			isa = PBXGroup;
			children = (
				E9D763101A419AF80083CDF1 /* FeedtickRemote.app */,
				E9D763291A419AF80083CDF1 /* FeedtickRemoteTests.xctest */,
			);
			name = Products;
			sourceTree = "<group>";
		};
		E9D763121A419AF80083CDF1 /* FeedtickRemote */ = {
			isa = PBXGroup;
			children = (
				E9D763171A419AF80083CDF1 /* AppDelegate.h */,
				E9D763181A419AF80083CDF1 /* AppDelegate.m */,
				E9D7631A1A419AF80083CDF1 /* ViewController.h */,
				E9D7631B1A419AF80083CDF1 /* ViewController.m */,
				E9D7631D1A419AF80083CDF1 /* Main.storyboard */,
				E9D763201A419AF80083CDF1 /* Images.xcassets */,
				E9D763221A419AF80083CDF1 /* LaunchScreen.xib */,
				E9D763131A419AF80083CDF1 /* Supporting Files */,
			);
			path = FeedtickRemote;
			sourceTree = "<group>";
		};
		E9D763131A419AF80083CDF1 /* Supporting Files */ = {
			isa = PBXGroup;
			children = (
				E9D763141A419AF80083CDF1 /* Info.plist */,
				E9D763151A419AF80083CDF1 /* main.m */,
			);
			name = "Supporting Files";
			sourceTree = "<group>";
		};
		E9D7632C1A419AF80083CDF1 /* FeedtickRemoteTests */ = {
			isa = PBXGroup;
			children = (
				E9D7632F1A419AF80083CDF1 /* FeedtickRemoteTests.m */,
				E9D7632D1A419AF80083CDF1 /* Supporting Files */,
			);
			path = FeedtickRemoteTests;
			sourceTree = "<group>";
		};
		E9D7632D1A419AF80083CDF1 /* Supporting Files */ = {
			isa = PBXGroup;
			children = (
				E9D7632E1A419AF80083CDF1 /* Info.plist */,
			);
			name = "Supporting Files";
			sourceTree = "<group>";
		};
/* End PBXGroup section */

/* Begin PBXNativeTarget section */
		E9D7630F1A419AF80083CDF1 /* FeedtickRemote */ = {
			isa = PBXNativeTarget;
			buildConfigurationList = E9D763331A419AF80083CDF1 /* Build configuration list for PBXNativeTarget "FeedtickRemote" */;
			buildPhases = (
				E9D7630C1A419AF80083CDF1 /* Sources */,
				E9D7630D1A419AF80083CDF1 /* Frameworks */,
				E9D7630E1A419AF80083CDF1 /* Resources */,
			);
			buildRules = (
			);
			dependencies = (
			);
			name = FeedtickRemote;
			productName = FeedtickRemote;
			productReference = E9D763101A419AF80083CDF1 /* FeedtickRemote.app */;
			productType = "com.apple.product-type.application";
		};
		E9D763281A419AF80083CDF1 /* FeedtickRemoteTests */ = {
			isa = PBXNativeTarget;
			buildConfigurationList = E9D763361A419AF80083CDF1 /* Build configuration list for PBXNativeTarget "FeedtickRemoteTests" */;
			buildPhases = (
				E9D763251A419AF80083CDF1 /* Sources */,
				E9D763261A419AF80083CDF1 /* Frameworks */,
				E9D763271A419AF80083CDF1 /* Resources */,
			);
			buildRules = (
			);
			dependencies = (
				E9D7632B1A419AF80083CDF1 /* PBXTargetDependency */,
			);
			name = FeedtickRemoteTests;
			productName = FeedtickRemoteTests;
			productReference = E9D763291A419AF80083CDF1 /* FeedtickRemoteTests.xctest */;
			productType = "com.apple.product-type.bundle.unit-test";
		};
/* End PBXNativeTarget section */

/* Begin PBXProject section */
		E9D763081A419AF80083CDF1 /* Project object */ = {
			isa = PBXProject;
			attributes = {
				LastUpgradeCheck = 0610;
				ORGANIZATIONNAME = "Kadir Anil Turğut";
				TargetAttributes = {
					E9D7630F1A419AF80083CDF1 = {
						CreatedOnToolsVersion = 6.1.1;
					};
					E9D763281A419AF80083CDF1 = {
						CreatedOnToolsVersion = 6.1.1;
						TestTargetID = E9D7630F1A419AF80083CDF1;
					};
				};
			};
			buildConfigurationList = E9D7630B1A419AF80083CDF1 /* Build configuration list for PBXProject "FeedtickRemote" */;
			compatibilityVersion = "Xcode 3.2";
			developmentRegion = English;
			hasScannedForEncodings = 0;
			knownRegions = (
				en,
				Base,
			);
			mainGroup = E9D763071A419AF80083CDF1;
			productRefGroup = E9D763111A419AF80083CDF1 /* Products */;
			projectDirPath = "";
			projectRoot = "";
			targets = (
				E9D7630F1A419AF80083CDF1 /* FeedtickRemote */,
				E9D763281A419AF80083CDF1 /* FeedtickRemoteTests */,
			);
		};
/* End PBXProject section */

/* Begin PBXResourcesBuildPhase section */
		E9D7630E1A419AF80083CDF1 /* Resources */ = {
			isa = PBXResourcesBuildPhase;
			buildActionMask = 2147483647;
			files = (
				E9D7631F1A419AF80083CDF1 /* Main.storyboard in Resources */,
				E9D763241A419AF80083CDF1 /* LaunchScreen.xib in Resources */,
				E9D763211A419AF80083CDF1 /* Images.xcassets in Resources */,
			);
			runOnlyForDeploymentPostprocessing = 0;
		};
		E9D763271A419AF80083CDF1 /* Resources */ = {
			isa = PBXResourcesBuildPhase;
			buildActionMask = 2147483647;
			files = (
			);
			runOnlyForDeploymentPostprocessing = 0;
		};
/* End PBXResourcesBuildPhase section */

/* Begin PBXSourcesBuildPhase section */
		E9D7630C1A419AF80083CDF1 /* Sources */ = {
			isa = PBXSourcesBuildPhase;
			buildActionMask = 2147483647;
			files = (
				E9D7631C1A419AF80083CDF1 /* ViewController.m in Sources */,
				E9D763191A419AF80083CDF1 /* AppDelegate.m in Sources */,
				E9D763161A419AF80083CDF1 /* main.m in Sources */,
			);
			runOnlyForDeploymentPostprocessing = 0;
		};
		E9D763251A419AF80083CDF1 /* Sources */ = {
			isa = PBXSourcesBuildPhase;
			buildActionMask = 2147483647;
			files = (
				E9D763301A419AF80083CDF1 /* FeedtickRemoteTests.m in Sources */,
			);
			runOnlyForDeploymentPostprocessing = 0;
		};
/* End PBXSourcesBuildPhase section */

/* Begin PBXTargetDependency section */
		E9D7632B1A419AF80083CDF1 /* PBXTargetDependency */ = {
			isa = PBXTargetDependency;
			target = E9D7630F1A419AF80083CDF1 /* FeedtickRemote */;
			targetProxy = E9D7632A1A419AF80083CDF1 /* PBXContainerItemProxy */;
		};
/* End PBXTargetDependency section */

/* Begin PBXVariantGroup section */
		E9D7631D1A419AF80083CDF1 /* Main.storyboard */ = {
			isa = PBXVariantGroup;
			children = (
				E9D7631E1A419AF80083CDF1 /* Base */,
			);
			name = Main.storyboard;
			sourceTree = "<group>";
		};
		E9D763221A419AF80083CDF1 /* LaunchScreen.xib */ = {
			isa = PBXVariantGroup;
			children = (
				E9D763231A419AF80083CDF1 /* Base */,
			);
			name = LaunchScreen.xib;
			sourceTree = "<group>";
		};
/* End PBXVariantGroup section */

/* Begin XCBuildConfiguration section */
		E9D763311A419AF80083CDF1 /* Debug */ = {
			isa = XCBuildConfiguration;
			buildSettings = {
				ALWAYS_SEARCH_USER_PATHS = NO;
				CLANG_CXX_LANGUAGE_STANDARD = "gnu++0x";
				CLANG_CXX_LIBRARY = "libc++";
				CLANG_ENABLE_MODULES = YES;
				CLANG_ENABLE_OBJC_ARC = YES;
				CLANG_WARN_BOOL_CONVERSION = YES;
				CLANG_WARN_CONSTANT_CONVERSION = YES;
				CLANG_WARN_DIRECT_OBJC_ISA_USAGE = YES_ERROR;
				CLANG_WARN_EMPTY_BODY = YES;
				CLANG_WARN_ENUM_CONVERSION = YES;
				CLANG_WARN_INT_CONVERSION = YES;
				CLANG_WARN_OBJC_ROOT_CLASS = YES_ERROR;
				CLANG_WARN_UNREACHABLE_CODE = YES;
				CLANG_WARN__DUPLICATE_METHOD_MATCH = YES;
				"CODE_SIGN_IDENTITY[sdk=iphoneos*]" = "iPhone Developer";
				COPY_PHASE_STRIP = NO;
				ENABLE_STRICT_OBJC_MSGSEND = YES;
				GCC_C_LANGUAGE_STANDARD = gnu99;
				GCC_DYNAMIC_NO_PIC = NO;
				GCC_OPTIMIZATION_LEVEL = 0;
				GCC_PREPROCESSOR_DEFINITIONS = (
					"DEBUG=1",
					"$(inherited)",
				);
				GCC_SYMBOLS_PRIVATE_EXTERN = NO;
				GCC_WARN_64_TO_32_BIT_CONVERSION = YES;
				GCC_WARN_ABOUT_RETURN_TYPE = YES_ERROR;
				GCC_WARN_UNDECLARED_SELECTOR = YES;
				GCC_WARN_UNINITIALIZED_AUTOS = YES_AGGRESSIVE;
				GCC_WARN_UNUSED_FUNCTION = YES;
				GCC_WARN_UNUSED_VARIABLE = YES;
				IPHONEOS_DEPLOYMENT_TARGET = 8.1;
				MTL_ENABLE_DEBUG_INFO = YES;
				ONLY_ACTIVE_ARCH = YES;
				SDKROOT = iphoneos;
			};
			name = Debug;
		};
		E9D763321A419AF80083CDF1 /* Release */ = {
			isa = XCBuildConfiguration;
			buildSettings = {
				ALWAYS_SEARCH_USER_PATHS = NO;
				CLANG_CXX_LANGUAGE_STANDARD = "gnu++0x";
				CLANG_CXX_LIBRARY = "libc++";
				CLANG_ENABLE_MODULES = YES;
				CLANG_ENABLE_OBJC_ARC = YES;
				CLANG_WARN_BOOL_CONVERSION = YES;
				CLANG_WARN_CONSTANT_CONVERSION = YES;
				CLANG_WARN_DIRECT_OBJC_ISA_USAGE = YES_ERROR;
				CLANG_WARN_EMPTY_BODY = YES;
				CLANG_WARN_ENUM_CONVERSION = YES;
				CLANG_WARN_INT_CONVERSION = YES;
				CLANG_WARN_OBJC_ROOT_CLASS = YES_ERROR;
				CLANG_WARN_UNREACHABLE_CODE = YES;
				CLANG_WARN__DUPLICATE_METHOD_MATCH = YES;
				"CODE_SIGN_IDENTITY[sdk=iphoneos*]" = "iPhone Developer";
				COPY_PHASE_STRIP = YES;
				ENABLE_NS_ASSERTIONS = NO;
				ENABLE_STRICT_OBJC_MSGSEND = YES;
				GCC_C_LANGUAGE_STANDARD = gnu99;
				GCC_WARN_64_TO_32_BIT_CONVERSION = YES;
				GCC_WARN_ABOUT_RETURN_TYPE = YES_ERROR;
				GCC_WARN_UNDECLARED_SELECTOR = YES;
				GCC_WARN_UNINITIALIZED_AUTOS = YES_AGGRESSIVE;
				GCC_WARN_UNUSED_FUNCTION = YES;
				GCC_WARN_UNUSED_VARIABLE = YES;
				IPHONEOS_DEPLOYMENT_TARGET = 8.1;
				MTL_ENABLE_DEBUG_INFO = NO;
				SDKROOT = iphoneos;
				VALIDATE_PRODUCT = YES;
			};
			name = Release;
		};
		E9D763341A419AF80083CDF1 /* Debug */ = {
			isa = XCBuildConfiguration;
			buildSettings = {
				ASSETCATALOG_COMPILER_APPICON_NAME = AppIcon;
				INFOPLIST_FILE = FeedtickRemote/Info.plist;
				LD_RUNPATH_SEARCH_PATHS = "$(inherited) @executable_path/Frameworks";
				PRODUCT_NAME = "$(TARGET_NAME)";
			};
			name = Debug;
		};
		E9D763351A419AF80083CDF1 /* Release */ = {
			isa = XCBuildConfiguration;
			buildSettings = {
				ASSETCATALOG_COMPILER_APPICON_NAME = AppIcon;
				INFOPLIST_FILE = FeedtickRemote/Info.plist;
				LD_RUNPATH_SEARCH_PATHS = "$(inherited) @executable_path/Frameworks";
				PRODUCT_NAME = "$(TARGET_NAME)";
			};
			name = Release;
		};
		E9D763371A419AF80083CDF1 /* Debug */ = {
			isa = XCBuildConfiguration;
			buildSettings = {
				BUNDLE_LOADER = "$(TEST_HOST)";
				FRAMEWORK_SEARCH_PATHS = (
					"$(SDKROOT)/Developer/Library/Frameworks",
					"$(inherited)",
				);
				GCC_PREPROCESSOR_DEFINITIONS = (
					"DEBUG=1",
					"$(inherited)",
				);
				INFOPLIST_FILE = FeedtickRemoteTests/Info.plist;
				LD_RUNPATH_SEARCH_PATHS = "$(inherited) @executable_path/Frameworks @loader_path/Frameworks";
				PRODUCT_NAME = "$(TARGET_NAME)";
				TEST_HOST = "$(BUILT_PRODUCTS_DIR)/FeedtickRemote.app/FeedtickRemote";
			};
			name = Debug;
		};
		E9D763381A419AF80083CDF1 /* Release */ = {
			isa = XCBuildConfiguration;
			buildSettings = {
				BUNDLE_LOADER = "$(TEST_HOST)";
				FRAMEWORK_SEARCH_PATHS = (
					"$(SDKROOT)/Developer/Library/Frameworks",
					"$(inherited)",
				);
				INFOPLIST_FILE = FeedtickRemoteTests/Info.plist;
				LD_RUNPATH_SEARCH_PATHS = "$(inherited) @executable_path/Frameworks @loader_path/Frameworks";
				PRODUCT_NAME = "$(TARGET_NAME)";
				TEST_HOST = "$(BUILT_PRODUCTS_DIR)/FeedtickRemote.app/FeedtickRemote";
			};
			name = Release;
		};
/* End XCBuildConfiguration section */

/* Begin XCConfigurationList section */
		E9D7630B1A419AF80083CDF1 /* Build configuration list for PBXProject "FeedtickRemote" */ = {
			isa = XCConfigurationList;
			buildConfigurations = (
				E9D763311A419AF80083CDF1 /* Debug */,
				E9D763321A419AF80083CDF1 /* Release */,
			);
			defaultConfigurationIsVisible = 0;
			defaultConfigurationName = Release;
		};
		E9D763331A419AF80083CDF1 /* Build configuration list for PBXNativeTarget "FeedtickRemote" */ = {
			isa = XCConfigurationList;
			buildConfigurations = (
				E9D763341A419AF80083CDF1 /* Debug */,
				E9D763351A419AF80083CDF1 /* Release */,
			);
			defaultConfigurationIsVisible = 0;
		};
		E9D763361A419AF80083CDF1 /* Build configuration list for PBXNativeTarget "FeedtickRemoteTests" */ = {
			isa = XCConfigurationList;
			buildConfigurations = (
				E9D763371A419AF80083CDF1 /* Debug */,
				E9D763381A419AF80083CDF1 /* Release */,
			);
			defaultConfigurationIsVisible = 0;
		};
/* End XCConfigurationList section */
	};
	rootObject = E9D763081A419AF80083CDF1 /* Project object */;
}
